Microsoft Visual Studio Solution File, Format Version 11.00
# Visual Studio 2008

Project("{5EA89118-3E96-2E0D-786F-216A9DD1E351}") = "Numbers-Wizard-UI", "Assembly-CSharp.csproj", "{F8ACDDD0-DFD1-2747-3851-529B4F9F3C09}"
EndProject
Global
	GlobalSection(SolutionConfigurationPlatforms) = preSolution
		Debug|Any CPU = Debug|Any CPU
		Release|Any CPU = Release|Any CPU
	EndGlobalSection
	GlobalSection(ProjectConfigurationPlatforms) = postSolution
		{F8ACDDD0-DFD1-2747-3851-529B4F9F3C09}.Debug|Any CPU.ActiveCfg = Debug|Any CPU
		{F8ACDDD0-DFD1-2747-3851-529B4F9F3C09}.Debug|Any CPU.Build.0 = Debug|Any CPU
		{F8ACDDD0-DFD1-2747-3851-529B4F9F3C09}.Release|Any CPU.ActiveCfg = Release|Any CPU
		{F8ACDDD0-DFD1-2747-3851-529B4F9F3C09}.Release|Any CPU.Build.0 = Release|Any CPU
	EndGlobalSection
	GlobalSection(SolutionProperties) = preSolution
		HideSolutionNode = FALSE
	EndGlobalSection
				GlobalSection(MonoDevelopProperties) = preSolution
		StartupItem = Assembly-CSharp.csproj
		Policies = $0
		$0.TextStylePolicy = $1
		$1.inheritsSet = null
		$1.scope = text/x-csharp
		$0.CSharpFormattingPolicy = $2
		$2.inheritsSet = Mono
		$2.inheritsScope = text/x-csharp
		$2.scope = text/x-csharp
		$0.TextStylePolicy = $3
		$3.FileWidth = 120
		$3.TabWidth = 4
		$3.IndentWidth = 4
		$3.EolMarker = Unix
		$3.inheritsSet = Mono
		$3.inheritsScope = text/plain
		$3.scope = text/plain
	EndGlobalSection

EndGlobal
